// !$*UTF8*$!
{
	archiveVersion = 1;
	classes = {
	};
	objectVersion = 46;
	objects = {

/* Begin PBXBuildFile section */
		79D5273E176AC46800E4B7D6 /* UIKit.framework in Frameworks */ = {isa = PBXBuildFile; fileRef = 79D5273D176AC46800E4B7D6 /* UIKit.framework */; };
		79D52740176AC46800E4B7D6 /* Foundation.framework in Frameworks */ = {isa = PBXBuildFile; fileRef = 79D5273F176AC46800E4B7D6 /* Foundation.framework */; };
		79D52742176AC46800E4B7D6 /* CoreGraphics.framework in Frameworks */ = {isa = PBXBuildFile; fileRef = 79D52741176AC46800E4B7D6 /* CoreGraphics.framework */; };
		79D52748176AC46800E4B7D6 /* InfoPlist.strings in Resources */ = {isa = PBXBuildFile; fileRef = 79D52746176AC46800E4B7D6 /* InfoPlist.strings */; };
		79D5274A176AC46800E4B7D6 /* main.m in Sources */ = {isa = PBXBuildFile; fileRef = 79D52749176AC46800E4B7D6 /* main.m */; };
		79D5274E176AC46800E4B7D6 /* AppDelegate.m in Sources */ = {isa = PBXBuildFile; fileRef = 79D5274D176AC46800E4B7D6 /* AppDelegate.m */; };
		79D52750176AC46800E4B7D6 /* Default.png in Resources */ = {isa = PBXBuildFile; fileRef = 79D5274F176AC46800E4B7D6 /* Default.png */; };
		79D52752176AC46800E4B7D6 /* Default@2x.png in Resources */ = {isa = PBXBuildFile; fileRef = 79D52751176AC46800E4B7D6 /* Default@2x.png */; };
		79D52754176AC46800E4B7D6 /* Default-568h@2x.png in Resources */ = {isa = PBXBuildFile; fileRef = 79D52753176AC46800E4B7D6 /* Default-568h@2x.png */; };
		79D52765176AC5BE00E4B7D6 /* TSQCalendarCell.m in Sources */ = {isa = PBXBuildFile; fileRef = 79D5275E176AC5BE00E4B7D6 /* TSQCalendarCell.m */; };
		79D52766176AC5BE00E4B7D6 /* TSQCalendarMonthHeaderCell.m in Sources */ = {isa = PBXBuildFile; fileRef = 79D52760176AC5BE00E4B7D6 /* TSQCalendarMonthHeaderCell.m */; };
		79D52767176AC5BE00E4B7D6 /* TSQCalendarRowCell.m in Sources */ = {isa = PBXBuildFile; fileRef = 79D52762176AC5BE00E4B7D6 /* TSQCalendarRowCell.m */; };
		79D52768176AC5BE00E4B7D6 /* TSQCalendarView.m in Sources */ = {isa = PBXBuildFile; fileRef = 79D52764176AC5BE00E4B7D6 /* TSQCalendarView.m */; };
		79D5276C176ADEFE00E4B7D6 /* RootViewController.m in Sources */ = {isa = PBXBuildFile; fileRef = 79D5276B176ADEFE00E4B7D6 /* RootViewController.m */; };
		79D52778176ADF9900E4B7D6 /* CalendarPreviousMonth.png in Resources */ = {isa = PBXBuildFile; fileRef = 79D5276E176ADF9900E4B7D6 /* CalendarPreviousMonth.png */; };
		79D52779176ADF9900E4B7D6 /* CalendarPreviousMonth@2x.png in Resources */ = {isa = PBXBuildFile; fileRef = 79D5276F176ADF9900E4B7D6 /* CalendarPreviousMonth@2x.png */; };
		79D5277A176ADF9900E4B7D6 /* CalendarRow.png in Resources */ = {isa = PBXBuildFile; fileRef = 79D52770176ADF9900E4B7D6 /* CalendarRow.png */; };
		79D5277B176ADF9900E4B7D6 /* CalendarRow@2x.png in Resources */ = {isa = PBXBuildFile; fileRef = 79D52771176ADF9900E4B7D6 /* CalendarRow@2x.png */; };
		79D5277C176ADF9900E4B7D6 /* CalendarRowBottom.png in Resources */ = {isa = PBXBuildFile; fileRef = 79D52772176ADF9900E4B7D6 /* CalendarRowBottom.png */; };
		79D5277D176ADF9900E4B7D6 /* CalendarRowBottom@2x.png in Resources */ = {isa = PBXBuildFile; fileRef = 79D52773176ADF9900E4B7D6 /* CalendarRowBottom@2x.png */; };
		79D5277E176ADF9900E4B7D6 /* CalendarSelectedDate.png in Resources */ = {isa = PBXBuildFile; fileRef = 79D52774176ADF9900E4B7D6 /* CalendarSelectedDate.png */; };
		79D5277F176ADF9900E4B7D6 /* CalendarSelectedDate@2x.png in Resources */ = {isa = PBXBuildFile; fileRef = 79D52775176ADF9900E4B7D6 /* CalendarSelectedDate@2x.png */; };
		79D52780176ADF9900E4B7D6 /* CalendarTodaysDate.png in Resources */ = {isa = PBXBuildFile; fileRef = 79D52776176ADF9900E4B7D6 /* CalendarTodaysDate.png */; };
		79D52781176ADF9900E4B7D6 /* CalendarTodaysDate@2x.png in Resources */ = {isa = PBXBuildFile; fileRef = 79D52777176ADF9900E4B7D6 /* CalendarTodaysDate@2x.png */; };
		79D52785176AE04600E4B7D6 /* TSQTACalendarRowCell.m in Sources */ = {isa = PBXBuildFile; fileRef = 79D52784176AE04600E4B7D6 /* TSQTACalendarRowCell.m */; };
		DD35203B176D74DE0032E1C7 /* SettingCell.m in Sources */ = {isa = PBXBuildFile; fileRef = DD35203A176D74DE0032E1C7 /* SettingCell.m */; };
		DD35203E176D766C0032E1C7 /* UIImage+Utils.m in Sources */ = {isa = PBXBuildFile; fileRef = DD35203D176D766C0032E1C7 /* UIImage+Utils.m */; };
		DD35204B176D8A3E0032E1C7 /* table_arrow.png in Resources */ = {isa = PBXBuildFile; fileRef = DD35203F176D8A3E0032E1C7 /* table_arrow.png */; };
		DD35204C176D8A3E0032E1C7 /* table_arrow@2x.png in Resources */ = {isa = PBXBuildFile; fileRef = DD352040176D8A3E0032E1C7 /* table_arrow@2x.png */; };
		DD35204D176D8A3E0032E1C7 /* table_below_normal.png in Resources */ = {isa = PBXBuildFile; fileRef = DD352041176D8A3E0032E1C7 /* table_below_normal.png */; };
		DD35204E176D8A3E0032E1C7 /* table_below_normal@2x.png in Resources */ = {isa = PBXBuildFile; fileRef = DD352042176D8A3E0032E1C7 /* table_below_normal@2x.png */; };
		DD35204F176D8A3E0032E1C7 /* table_middle_normal.png in Resources */ = {isa = PBXBuildFile; fileRef = DD352043176D8A3E0032E1C7 /* table_middle_normal.png */; };
		DD352050176D8A3E0032E1C7 /* table_middle_normal@2x.png in Resources */ = {isa = PBXBuildFile; fileRef = DD352044176D8A3E0032E1C7 /* table_middle_normal@2x.png */; };
		DD352051176D8A3E0032E1C7 /* table_normal.png in Resources */ = {isa = PBXBuildFile; fileRef = DD352045176D8A3E0032E1C7 /* table_normal.png */; };
		DD352052176D8A3E0032E1C7 /* table_normal@2x.png in Resources */ = {isa = PBXBuildFile; fileRef = DD352046176D8A3E0032E1C7 /* table_normal@2x.png */; };
		DD352053176D8A3E0032E1C7 /* table_single_normal.png in Resources */ = {isa = PBXBuildFile; fileRef = DD352047176D8A3E0032E1C7 /* table_single_normal.png */; };
		DD352054176D8A3E0032E1C7 /* table_single_normal@2x.png in Resources */ = {isa = PBXBuildFile; fileRef = DD352048176D8A3E0032E1C7 /* table_single_normal@2x.png */; };
		DD352055176D8A3E0032E1C7 /* table_upside_normal.png in Resources */ = {isa = PBXBuildFile; fileRef = DD352049176D8A3E0032E1C7 /* table_upside_normal.png */; };
		DD352056176D8A3E0032E1C7 /* table_upside_normal@2x.png in Resources */ = {isa = PBXBuildFile; fileRef = DD35204A176D8A3E0032E1C7 /* table_upside_normal@2x.png */; };
		DD35205C176D99120032E1C7 /* SettingForDisplayViewController.m in Sources */ = {isa = PBXBuildFile; fileRef = DD35205B176D99120032E1C7 /* SettingForDisplayViewController.m */; };
		DD35205F176D99500032E1C7 /* SettingForCycleViewController.m in Sources */ = {isa = PBXBuildFile; fileRef = DD35205E176D99500032E1C7 /* SettingForCycleViewController.m */; };
		DD352062176D99940032E1C7 /* SettingForRemindViewController.m in Sources */ = {isa = PBXBuildFile; fileRef = DD352061176D99940032E1C7 /* SettingForRemindViewController.m */; };
		DD352065176D99BE0032E1C7 /* SettingForLockViewController.m in Sources */ = {isa = PBXBuildFile; fileRef = DD352064176D99BE0032E1C7 /* SettingForLockViewController.m */; };
		DD352068176D99EB0032E1C7 /* SettingForDataViewController.m in Sources */ = {isa = PBXBuildFile; fileRef = DD352067176D99EB0032E1C7 /* SettingForDataViewController.m */; };
		DD448A8B177554510041BB0B /* NumSelectorViewController.m in Sources */ = {isa = PBXBuildFile; fileRef = DD448A8A177554510041BB0B /* NumSelectorViewController.m */; };
		DD448A8E177582A60041BB0B /* SelectableCell.m in Sources */ = {isa = PBXBuildFile; fileRef = DD448A8D177582A60041BB0B /* SelectableCell.m */; };
		DD448A93177585970041BB0B /* checkbox_bg.png in Resources */ = {isa = PBXBuildFile; fileRef = DD448A8F177585970041BB0B /* checkbox_bg.png */; };
		DD448A94177585970041BB0B /* checkbox_bg@2x.png in Resources */ = {isa = PBXBuildFile; fileRef = DD448A90177585970041BB0B /* checkbox_bg@2x.png */; };
		DD448A95177585970041BB0B /* checkbox.png in Resources */ = {isa = PBXBuildFile; fileRef = DD448A91177585970041BB0B /* checkbox.png */; };
		DD448A96177585970041BB0B /* checkbox@2x.png in Resources */ = {isa = PBXBuildFile; fileRef = DD448A92177585970041BB0B /* checkbox@2x.png */; };
		DD448A9C177586700041BB0B /* NumCell.m in Sources */ = {isa = PBXBuildFile; fileRef = DD448A9B177586700041BB0B /* NumCell.m */; };
		DD69727D176C1303006A3C37 /* BeginningViewController.m in Sources */ = {isa = PBXBuildFile; fileRef = DD69727C176C1303006A3C37 /* BeginningViewController.m */; };
		DD697280176C1316006A3C37 /* CalendarViewController.m in Sources */ = {isa = PBXBuildFile; fileRef = DD69727F176C1316006A3C37 /* CalendarViewController.m */; };
		DD697287176C2B1A006A3C37 /* ActionButton.m in Sources */ = {isa = PBXBuildFile; fileRef = DD697286176C2B1A006A3C37 /* ActionButton.m */; };
		DD69728A176C331E006A3C37 /* setting_icon.png in Resources */ = {isa = PBXBuildFile; fileRef = DD697288176C331E006A3C37 /* setting_icon.png */; };
		DD69728B176C331E006A3C37 /* setting_icon@2x.png in Resources */ = {isa = PBXBuildFile; fileRef = DD697289176C331E006A3C37 /* setting_icon@2x.png */; };
		DD69728E176C343E006A3C37 /* SettingViewController.m in Sources */ = {isa = PBXBuildFile; fileRef = DD69728D176C343E006A3C37 /* SettingViewController.m */; };
		DD697291176C385D006A3C37 /* BaseViewController.m in Sources */ = {isa = PBXBuildFile; fileRef = DD697290176C385D006A3C37 /* BaseViewController.m */; };
		DD697294176C414C006A3C37 /* Config.plist in Resources */ = {isa = PBXBuildFile; fileRef = DD697293176C414C006A3C37 /* Config.plist */; };
		DD697298176C45C5006A3C37 /* Utils.m in Sources */ = {isa = PBXBuildFile; fileRef = DD697297176C45C5006A3C37 /* Utils.m */; };
/* End PBXBuildFile section */

/* Begin PBXFileReference section */
		79D5273A176AC46800E4B7D6 /* Umbrella.app */ = {isa = PBXFileReference; explicitFileType = wrapper.application; includeInIndex = 0; path = Umbrella.app; sourceTree = BUILT_PRODUCTS_DIR; };
		79D5273D176AC46800E4B7D6 /* UIKit.framework */ = {isa = PBXFileReference; lastKnownFileType = wrapper.framework; name = UIKit.framework; path = System/Library/Frameworks/UIKit.framework; sourceTree = SDKROOT; };
		79D5273F176AC46800E4B7D6 /* Foundation.framework */ = {isa = PBXFileReference; lastKnownFileType = wrapper.framework; name = Foundation.framework; path = System/Library/Frameworks/Foundation.framework; sourceTree = SDKROOT; };
		79D52741176AC46800E4B7D6 /* CoreGraphics.framework */ = {isa = PBXFileReference; lastKnownFileType = wrapper.framework; name = CoreGraphics.framework; path = System/Library/Frameworks/CoreGraphics.framework; sourceTree = SDKROOT; };
		79D52745176AC46800E4B7D6 /* Umbrella-Info.plist */ = {isa = PBXFileReference; lastKnownFileType = text.plist.xml; path = "Umbrella-Info.plist"; sourceTree = "<group>"; };
		79D52747176AC46800E4B7D6 /* en */ = {isa = PBXFileReference; lastKnownFileType = text.plist.strings; name = en; path = en.lproj/InfoPlist.strings; sourceTree = "<group>"; };
		79D52749176AC46800E4B7D6 /* main.m */ = {isa = PBXFileReference; lastKnownFileType = sourcecode.c.objc; path = main.m; sourceTree = "<group>"; };
		79D5274B176AC46800E4B7D6 /* Umbrella-Prefix.pch */ = {isa = PBXFileReference; lastKnownFileType = sourcecode.c.h; path = "Umbrella-Prefix.pch"; sourceTree = "<group>"; };
		79D5274C176AC46800E4B7D6 /* AppDelegate.h */ = {isa = PBXFileReference; lastKnownFileType = sourcecode.c.h; path = AppDelegate.h; sourceTree = "<group>"; };
		79D5274D176AC46800E4B7D6 /* AppDelegate.m */ = {isa = PBXFileReference; lastKnownFileType = sourcecode.c.objc; path = AppDelegate.m; sourceTree = "<group>"; };
		79D5274F176AC46800E4B7D6 /* Default.png */ = {isa = PBXFileReference; lastKnownFileType = image.png; path = Default.png; sourceTree = "<group>"; };
		79D52751176AC46800E4B7D6 /* Default@2x.png */ = {isa = PBXFileReference; lastKnownFileType = image.png; path = "Default@2x.png"; sourceTree = "<group>"; };
		79D52753176AC46800E4B7D6 /* Default-568h@2x.png */ = {isa = PBXFileReference; lastKnownFileType = image.png; path = "Default-568h@2x.png"; sourceTree = "<group>"; };
		79D5275C176AC5BE00E4B7D6 /* TimesSquare.h */ = {isa = PBXFileReference; fileEncoding = 4; lastKnownFileType = sourcecode.c.h; path = TimesSquare.h; sourceTree = "<group>"; };
		79D5275D176AC5BE00E4B7D6 /* TSQCalendarCell.h */ = {isa = PBXFileReference; fileEncoding = 4; lastKnownFileType = sourcecode.c.h; path = TSQCalendarCell.h; sourceTree = "<group>"; };
		79D5275E176AC5BE00E4B7D6 /* TSQCalendarCell.m */ = {isa = PBXFileReference; fileEncoding = 4; lastKnownFileType = sourcecode.c.objc; path = TSQCalendarCell.m; sourceTree = "<group>"; };
		79D5275F176AC5BE00E4B7D6 /* TSQCalendarMonthHeaderCell.h */ = {isa = PBXFileReference; fileEncoding = 4; lastKnownFileType = sourcecode.c.h; path = TSQCalendarMonthHeaderCell.h; sourceTree = "<group>"; };
		79D52760176AC5BE00E4B7D6 /* TSQCalendarMonthHeaderCell.m */ = {isa = PBXFileReference; fileEncoding = 4; lastKnownFileType = sourcecode.c.objc; path = TSQCalendarMonthHeaderCell.m; sourceTree = "<group>"; };
		79D52761176AC5BE00E4B7D6 /* TSQCalendarRowCell.h */ = {isa = PBXFileReference; fileEncoding = 4; lastKnownFileType = sourcecode.c.h; path = TSQCalendarRowCell.h; sourceTree = "<group>"; };
		79D52762176AC5BE00E4B7D6 /* TSQCalendarRowCell.m */ = {isa = PBXFileReference; fileEncoding = 4; lastKnownFileType = sourcecode.c.objc; path = TSQCalendarRowCell.m; sourceTree = "<group>"; };
		79D52763176AC5BE00E4B7D6 /* TSQCalendarView.h */ = {isa = PBXFileReference; fileEncoding = 4; lastKnownFileType = sourcecode.c.h; path = TSQCalendarView.h; sourceTree = "<group>"; };
		79D52764176AC5BE00E4B7D6 /* TSQCalendarView.m */ = {isa = PBXFileReference; fileEncoding = 4; lastKnownFileType = sourcecode.c.objc; path = TSQCalendarView.m; sourceTree = "<group>"; };
		79D5276A176ADEFE00E4B7D6 /* RootViewController.h */ = {isa = PBXFileReference; fileEncoding = 4; lastKnownFileType = sourcecode.c.h; path = RootViewController.h; sourceTree = "<group>"; };
		79D5276B176ADEFE00E4B7D6 /* RootViewController.m */ = {isa = PBXFileReference; fileEncoding = 4; lastKnownFileType = sourcecode.c.objc; path = RootViewController.m; sourceTree = "<group>"; };
		79D5276E176ADF9900E4B7D6 /* CalendarPreviousMonth.png */ = {isa = PBXFileReference; lastKnownFileType = image.png; path = CalendarPreviousMonth.png; sourceTree = "<group>"; };
		79D5276F176ADF9900E4B7D6 /* CalendarPreviousMonth@2x.png */ = {isa = PBXFileReference; lastKnownFileType = image.png; path = "CalendarPreviousMonth@2x.png"; sourceTree = "<group>"; };
		79D52770176ADF9900E4B7D6 /* CalendarRow.png */ = {isa = PBXFileReference; lastKnownFileType = image.png; path = CalendarRow.png; sourceTree = "<group>"; };
		79D52771176ADF9900E4B7D6 /* CalendarRow@2x.png */ = {isa = PBXFileReference; lastKnownFileType = image.png; path = "CalendarRow@2x.png"; sourceTree = "<group>"; };
		79D52772176ADF9900E4B7D6 /* CalendarRowBottom.png */ = {isa = PBXFileReference; lastKnownFileType = image.png; path = CalendarRowBottom.png; sourceTree = "<group>"; };
		79D52773176ADF9900E4B7D6 /* CalendarRowBottom@2x.png */ = {isa = PBXFileReference; lastKnownFileType = image.png; path = "CalendarRowBottom@2x.png"; sourceTree = "<group>"; };
		79D52774176ADF9900E4B7D6 /* CalendarSelectedDate.png */ = {isa = PBXFileReference; lastKnownFileType = image.png; path = CalendarSelectedDate.png; sourceTree = "<group>"; };
		79D52775176ADF9900E4B7D6 /* CalendarSelectedDate@2x.png */ = {isa = PBXFileReference; lastKnownFileType = image.png; path = "CalendarSelectedDate@2x.png"; sourceTree = "<group>"; };
		79D52776176ADF9900E4B7D6 /* CalendarTodaysDate.png */ = {isa = PBXFileReference; lastKnownFileType = image.png; path = CalendarTodaysDate.png; sourceTree = "<group>"; };
		79D52777176ADF9900E4B7D6 /* CalendarTodaysDate@2x.png */ = {isa = PBXFileReference; lastKnownFileType = image.png; path = "CalendarTodaysDate@2x.png"; sourceTree = "<group>"; };
		79D52783176AE04600E4B7D6 /* TSQTACalendarRowCell.h */ = {isa = PBXFileReference; fileEncoding = 4; lastKnownFileType = sourcecode.c.h; path = TSQTACalendarRowCell.h; sourceTree = "<group>"; };
		79D52784176AE04600E4B7D6 /* TSQTACalendarRowCell.m */ = {isa = PBXFileReference; fileEncoding = 4; lastKnownFileType = sourcecode.c.objc; path = TSQTACalendarRowCell.m; sourceTree = "<group>"; };
		DD352039176D74DE0032E1C7 /* SettingCell.h */ = {isa = PBXFileReference; fileEncoding = 4; lastKnownFileType = sourcecode.c.h; path = SettingCell.h; sourceTree = "<group>"; };
		DD35203A176D74DE0032E1C7 /* SettingCell.m */ = {isa = PBXFileReference; fileEncoding = 4; lastKnownFileType = sourcecode.c.objc; path = SettingCell.m; sourceTree = "<group>"; };
		DD35203C176D766C0032E1C7 /* UIImage+Utils.h */ = {isa = PBXFileReference; fileEncoding = 4; lastKnownFileType = sourcecode.c.h; path = "UIImage+Utils.h"; sourceTree = "<group>"; };
		DD35203D176D766C0032E1C7 /* UIImage+Utils.m */ = {isa = PBXFileReference; fileEncoding = 4; lastKnownFileType = sourcecode.c.objc; path = "UIImage+Utils.m"; sourceTree = "<group>"; };
		DD35203F176D8A3E0032E1C7 /* table_arrow.png */ = {isa = PBXFileReference; lastKnownFileType = image.png; path = table_arrow.png; sourceTree = "<group>"; };
		DD352040176D8A3E0032E1C7 /* table_arrow@2x.png */ = {isa = PBXFileReference; lastKnownFileType = image.png; path = "table_arrow@2x.png"; sourceTree = "<group>"; };
		DD352041176D8A3E0032E1C7 /* table_below_normal.png */ = {isa = PBXFileReference; lastKnownFileType = image.png; path = table_below_normal.png; sourceTree = "<group>"; };
		DD352042176D8A3E0032E1C7 /* table_below_normal@2x.png */ = {isa = PBXFileReference; lastKnownFileType = image.png; path = "table_below_normal@2x.png"; sourceTree = "<group>"; };
		DD352043176D8A3E0032E1C7 /* table_middle_normal.png */ = {isa = PBXFileReference; lastKnownFileType = image.png; path = table_middle_normal.png; sourceTree = "<group>"; };
		DD352044176D8A3E0032E1C7 /* table_middle_normal@2x.png */ = {isa = PBXFileReference; lastKnownFileType = image.png; path = "table_middle_normal@2x.png"; sourceTree = "<group>"; };
		DD352045176D8A3E0032E1C7 /* table_normal.png */ = {isa = PBXFileReference; lastKnownFileType = image.png; path = table_normal.png; sourceTree = "<group>"; };
		DD352046176D8A3E0032E1C7 /* table_normal@2x.png */ = {isa = PBXFileReference; lastKnownFileType = image.png; path = "table_normal@2x.png"; sourceTree = "<group>"; };
		DD352047176D8A3E0032E1C7 /* table_single_normal.png */ = {isa = PBXFileReference; lastKnownFileType = image.png; path = table_single_normal.png; sourceTree = "<group>"; };
		DD352048176D8A3E0032E1C7 /* table_single_normal@2x.png */ = {isa = PBXFileReference; lastKnownFileType = image.png; path = "table_single_normal@2x.png"; sourceTree = "<group>"; };
		DD352049176D8A3E0032E1C7 /* table_upside_normal.png */ = {isa = PBXFileReference; lastKnownFileType = image.png; path = table_upside_normal.png; sourceTree = "<group>"; };
		DD35204A176D8A3E0032E1C7 /* table_upside_normal@2x.png */ = {isa = PBXFileReference; lastKnownFileType = image.png; path = "table_upside_normal@2x.png"; sourceTree = "<group>"; };
		DD35205A176D99120032E1C7 /* SettingForDisplayViewController.h */ = {isa = PBXFileReference; fileEncoding = 4; lastKnownFileType = sourcecode.c.h; path = SettingForDisplayViewController.h; sourceTree = "<group>"; };
		DD35205B176D99120032E1C7 /* SettingForDisplayViewController.m */ = {isa = PBXFileReference; fileEncoding = 4; lastKnownFileType = sourcecode.c.objc; path = SettingForDisplayViewController.m; sourceTree = "<group>"; };
		DD35205D176D99500032E1C7 /* SettingForCycleViewController.h */ = {isa = PBXFileReference; fileEncoding = 4; lastKnownFileType = sourcecode.c.h; path = SettingForCycleViewController.h; sourceTree = "<group>"; };
		DD35205E176D99500032E1C7 /* SettingForCycleViewController.m */ = {isa = PBXFileReference; fileEncoding = 4; lastKnownFileType = sourcecode.c.objc; path = SettingForCycleViewController.m; sourceTree = "<group>"; };
		DD352060176D99940032E1C7 /* SettingForRemindViewController.h */ = {isa = PBXFileReference; fileEncoding = 4; lastKnownFileType = sourcecode.c.h; path = SettingForRemindViewController.h; sourceTree = "<group>"; };
		DD352061176D99940032E1C7 /* SettingForRemindViewController.m */ = {isa = PBXFileReference; fileEncoding = 4; lastKnownFileType = sourcecode.c.objc; path = SettingForRemindViewController.m; sourceTree = "<group>"; };
		DD352063176D99BE0032E1C7 /* SettingForLockViewController.h */ = {isa = PBXFileReference; fileEncoding = 4; lastKnownFileType = sourcecode.c.h; path = SettingForLockViewController.h; sourceTree = "<group>"; };
		DD352064176D99BE0032E1C7 /* SettingForLockViewController.m */ = {isa = PBXFileReference; fileEncoding = 4; lastKnownFileType = sourcecode.c.objc; path = SettingForLockViewController.m; sourceTree = "<group>"; };
		DD352066176D99EB0032E1C7 /* SettingForDataViewController.h */ = {isa = PBXFileReference; fileEncoding = 4; lastKnownFileType = sourcecode.c.h; path = SettingForDataViewController.h; sourceTree = "<group>"; };
		DD352067176D99EB0032E1C7 /* SettingForDataViewController.m */ = {isa = PBXFileReference; fileEncoding = 4; lastKnownFileType = sourcecode.c.objc; path = SettingForDataViewController.m; sourceTree = "<group>"; };
		DD352069176DF2300032E1C7 /* zh-Hans */ = {isa = PBXFileReference; lastKnownFileType = text.plist.strings; name = "zh-Hans"; path = "zh-Hans.lproj/InfoPlist.strings"; sourceTree = "<group>"; };
		DD448A89177554510041BB0B /* NumSelectorViewController.h */ = {isa = PBXFileReference; fileEncoding = 4; lastKnownFileType = sourcecode.c.h; path = NumSelectorViewController.h; sourceTree = "<group>"; };
		DD448A8A177554510041BB0B /* NumSelectorViewController.m */ = {isa = PBXFileReference; fileEncoding = 4; lastKnownFileType = sourcecode.c.objc; path = NumSelectorViewController.m; sourceTree = "<group>"; };
		DD448A8C177582A60041BB0B /* SelectableCell.h */ = {isa = PBXFileReference; fileEncoding = 4; lastKnownFileType = sourcecode.c.h; path = SelectableCell.h; sourceTree = "<group>"; };
		DD448A8D177582A60041BB0B /* SelectableCell.m */ = {isa = PBXFileReference; fileEncoding = 4; lastKnownFileType = sourcecode.c.objc; path = SelectableCell.m; sourceTree = "<group>"; };
		DD448A8F177585970041BB0B /* checkbox_bg.png */ = {isa = PBXFileReference; lastKnownFileType = image.png; path = checkbox_bg.png; sourceTree = "<group>"; };
		DD448A90177585970041BB0B /* checkbox_bg@2x.png */ = {isa = PBXFileReference; lastKnownFileType = image.png; path = "checkbox_bg@2x.png"; sourceTree = "<group>"; };
		DD448A91177585970041BB0B /* checkbox.png */ = {isa = PBXFileReference; lastKnownFileType = image.png; path = checkbox.png; sourceTree = "<group>"; };
		DD448A92177585970041BB0B /* checkbox@2x.png */ = {isa = PBXFileReference; lastKnownFileType = image.png; path = "checkbox@2x.png"; sourceTree = "<group>"; };
		DD448A9A177586700041BB0B /* NumCell.h */ = {isa = PBXFileReference; fileEncoding = 4; lastKnownFileType = sourcecode.c.h; path = NumCell.h; sourceTree = "<group>"; };
		DD448A9B177586700041BB0B /* NumCell.m */ = {isa = PBXFileReference; fileEncoding = 4; lastKnownFileType = sourcecode.c.objc; path = NumCell.m; sourceTree = "<group>"; };
		DD69727B176C1303006A3C37 /* BeginningViewController.h */ = {isa = PBXFileReference; fileEncoding = 4; lastKnownFileType = sourcecode.c.h; path = BeginningViewController.h; sourceTree = "<group>"; };
		DD69727C176C1303006A3C37 /* BeginningViewController.m */ = {isa = PBXFileReference; fileEncoding = 4; lastKnownFileType = sourcecode.c.objc; path = BeginningViewController.m; sourceTree = "<group>"; };
		DD69727E176C1316006A3C37 /* CalendarViewController.h */ = {isa = PBXFileReference; fileEncoding = 4; lastKnownFileType = sourcecode.c.h; path = CalendarViewController.h; sourceTree = "<group>"; };
		DD69727F176C1316006A3C37 /* CalendarViewController.m */ = {isa = PBXFileReference; fileEncoding = 4; lastKnownFileType = sourcecode.c.objc; path = CalendarViewController.m; sourceTree = "<group>"; };
		DD697281176C15C8006A3C37 /* Config.h */ = {isa = PBXFileReference; fileEncoding = 4; lastKnownFileType = sourcecode.c.h; path = Config.h; sourceTree = "<group>"; };
		DD697285176C2B1A006A3C37 /* ActionButton.h */ = {isa = PBXFileReference; fileEncoding = 4; lastKnownFileType = sourcecode.c.h; path = ActionButton.h; sourceTree = "<group>"; };
		DD697286176C2B1A006A3C37 /* ActionButton.m */ = {isa = PBXFileReference; fileEncoding = 4; lastKnownFileType = sourcecode.c.objc; path = ActionButton.m; sourceTree = "<group>"; };
		DD697288176C331E006A3C37 /* setting_icon.png */ = {isa = PBXFileReference; lastKnownFileType = image.png; path = setting_icon.png; sourceTree = "<group>"; };
		DD697289176C331E006A3C37 /* setting_icon@2x.png */ = {isa = PBXFileReference; lastKnownFileType = image.png; path = "setting_icon@2x.png"; sourceTree = "<group>"; };
		DD69728C176C343E006A3C37 /* SettingViewController.h */ = {isa = PBXFileReference; fileEncoding = 4; lastKnownFileType = sourcecode.c.h; path = SettingViewController.h; sourceTree = "<group>"; };
		DD69728D176C343E006A3C37 /* SettingViewController.m */ = {isa = PBXFileReference; fileEncoding = 4; lastKnownFileType = sourcecode.c.objc; path = SettingViewController.m; sourceTree = "<group>"; };
		DD69728F176C385D006A3C37 /* BaseViewController.h */ = {isa = PBXFileReference; fileEncoding = 4; lastKnownFileType = sourcecode.c.h; path = BaseViewController.h; sourceTree = "<group>"; };
		DD697290176C385D006A3C37 /* BaseViewController.m */ = {isa = PBXFileReference; fileEncoding = 4; lastKnownFileType = sourcecode.c.objc; path = BaseViewController.m; sourceTree = "<group>"; };
		DD697293176C414C006A3C37 /* Config.plist */ = {isa = PBXFileReference; fileEncoding = 4; lastKnownFileType = text.plist.xml; path = Config.plist; sourceTree = "<group>"; };
		DD697296176C45C5006A3C37 /* Utils.h */ = {isa = PBXFileReference; fileEncoding = 4; lastKnownFileType = sourcecode.c.h; path = Utils.h; sourceTree = "<group>"; };
		DD697297176C45C5006A3C37 /* Utils.m */ = {isa = PBXFileReference; fileEncoding = 4; lastKnownFileType = sourcecode.c.objc; path = Utils.m; sourceTree = "<group>"; };
/* End PBXFileReference section */

/* Begin PBXFrameworksBuildPhase section */
		79D52737176AC46800E4B7D6 /* Frameworks */ = {
			isa = PBXFrameworksBuildPhase;
			buildActionMask = 2147483647;
			files = (
				79D5273E176AC46800E4B7D6 /* UIKit.framework in Frameworks */,
				79D52740176AC46800E4B7D6 /* Foundation.framework in Frameworks */,
				79D52742176AC46800E4B7D6 /* CoreGraphics.framework in Frameworks */,
			);
			runOnlyForDeploymentPostprocessing = 0;
		};
/* End PBXFrameworksBuildPhase section */

/* Begin PBXGroup section */
		79D52731176AC46800E4B7D6 = {
			isa = PBXGroup;
			children = (
				79D52743176AC46800E4B7D6 /* Umbrella */,
				79D5273C176AC46800E4B7D6 /* Frameworks */,
				79D5273B176AC46800E4B7D6 /* Products */,
			);
			sourceTree = "<group>";
		};
		79D5273B176AC46800E4B7D6 /* Products */ = {
			isa = PBXGroup;
			children = (
				79D5273A176AC46800E4B7D6 /* Umbrella.app */,
			);
			name = Products;
			sourceTree = "<group>";
		};
		79D5273C176AC46800E4B7D6 /* Frameworks */ = {
			isa = PBXGroup;
			children = (
				79D5273D176AC46800E4B7D6 /* UIKit.framework */,
				79D5273F176AC46800E4B7D6 /* Foundation.framework */,
				79D52741176AC46800E4B7D6 /* CoreGraphics.framework */,
			);
			name = Frameworks;
			sourceTree = "<group>";
		};
		79D52743176AC46800E4B7D6 /* Umbrella */ = {
			isa = PBXGroup;
			children = (
				DD697295176C45AB006A3C37 /* Utilities */,
				79D5275A176AC5BE00E4B7D6 /* TimesSquare */,
				79D52769176ADEE000E4B7D6 /* ViewControllers */,
				79D52782176AE01700E4B7D6 /* Views */,
				79D5274C176AC46800E4B7D6 /* AppDelegate.h */,
				79D5274D176AC46800E4B7D6 /* AppDelegate.m */,
				DD697281176C15C8006A3C37 /* Config.h */,
				79D52744176AC46800E4B7D6 /* Supporting Files */,
			);
			path = Umbrella;
			sourceTree = "<group>";
		};
		79D52744176AC46800E4B7D6 /* Supporting Files */ = {
			isa = PBXGroup;
			children = (
				DD697292176C4133006A3C37 /* Config */,
				DD697282176C22B9006A3C37 /* Fonts */,
				79D5276D176ADF8D00E4B7D6 /* Images */,
				79D52745176AC46800E4B7D6 /* Umbrella-Info.plist */,
				79D52746176AC46800E4B7D6 /* InfoPlist.strings */,
				79D52749176AC46800E4B7D6 /* main.m */,
				79D5274B176AC46800E4B7D6 /* Umbrella-Prefix.pch */,
				79D5274F176AC46800E4B7D6 /* Default.png */,
				79D52751176AC46800E4B7D6 /* Default@2x.png */,
				79D52753176AC46800E4B7D6 /* Default-568h@2x.png */,
			);
			name = "Supporting Files";
			sourceTree = "<group>";
		};
		79D5275A176AC5BE00E4B7D6 /* TimesSquare */ = {
			isa = PBXGroup;
			children = (
				79D5275C176AC5BE00E4B7D6 /* TimesSquare.h */,
				79D5275D176AC5BE00E4B7D6 /* TSQCalendarCell.h */,
				79D5275E176AC5BE00E4B7D6 /* TSQCalendarCell.m */,
				79D5275F176AC5BE00E4B7D6 /* TSQCalendarMonthHeaderCell.h */,
				79D52760176AC5BE00E4B7D6 /* TSQCalendarMonthHeaderCell.m */,
				79D52761176AC5BE00E4B7D6 /* TSQCalendarRowCell.h */,
				79D52762176AC5BE00E4B7D6 /* TSQCalendarRowCell.m */,
				79D52763176AC5BE00E4B7D6 /* TSQCalendarView.h */,
				79D52764176AC5BE00E4B7D6 /* TSQCalendarView.m */,
			);
			path = TimesSquare;
			sourceTree = "<group>";
		};
		79D52769176ADEE000E4B7D6 /* ViewControllers */ = {
			isa = PBXGroup;
			children = (
				79D5276A176ADEFE00E4B7D6 /* RootViewController.h */,
				79D5276B176ADEFE00E4B7D6 /* RootViewController.m */,
				DD69727B176C1303006A3C37 /* BeginningViewController.h */,
				DD69727C176C1303006A3C37 /* BeginningViewController.m */,
				DD69727E176C1316006A3C37 /* CalendarViewController.h */,
				DD69727F176C1316006A3C37 /* CalendarViewController.m */,
				DD69728C176C343E006A3C37 /* SettingViewController.h */,
				DD69728D176C343E006A3C37 /* SettingViewController.m */,
				DD69728F176C385D006A3C37 /* BaseViewController.h */,
				DD697290176C385D006A3C37 /* BaseViewController.m */,
				DD35205A176D99120032E1C7 /* SettingForDisplayViewController.h */,
				DD35205B176D99120032E1C7 /* SettingForDisplayViewController.m */,
				DD35205D176D99500032E1C7 /* SettingForCycleViewController.h */,
				DD35205E176D99500032E1C7 /* SettingForCycleViewController.m */,
				DD352060176D99940032E1C7 /* SettingForRemindViewController.h */,
				DD352061176D99940032E1C7 /* SettingForRemindViewController.m */,
				DD352063176D99BE0032E1C7 /* SettingForLockViewController.h */,
				DD352064176D99BE0032E1C7 /* SettingForLockViewController.m */,
				DD352066176D99EB0032E1C7 /* SettingForDataViewController.h */,
				DD352067176D99EB0032E1C7 /* SettingForDataViewController.m */,
				DD448A89177554510041BB0B /* NumSelectorViewController.h */,
				DD448A8A177554510041BB0B /* NumSelectorViewController.m */,
			);
			path = ViewControllers;
			sourceTree = "<group>";
		};
		79D5276D176ADF8D00E4B7D6 /* Images */ = {
			isa = PBXGroup;
			children = (
				DD448A8F177585970041BB0B /* checkbox_bg.png */,
				DD448A90177585970041BB0B /* checkbox_bg@2x.png */,
				DD448A91177585970041BB0B /* checkbox.png */,
				DD448A92177585970041BB0B /* checkbox@2x.png */,
				DD35203F176D8A3E0032E1C7 /* table_arrow.png */,
				DD352040176D8A3E0032E1C7 /* table_arrow@2x.png */,
				DD352041176D8A3E0032E1C7 /* table_below_normal.png */,
				DD352042176D8A3E0032E1C7 /* table_below_normal@2x.png */,
				DD352043176D8A3E0032E1C7 /* table_middle_normal.png */,
				DD352044176D8A3E0032E1C7 /* table_middle_normal@2x.png */,
				DD352045176D8A3E0032E1C7 /* table_normal.png */,
				DD352046176D8A3E0032E1C7 /* table_normal@2x.png */,
				DD352047176D8A3E0032E1C7 /* table_single_normal.png */,
				DD352048176D8A3E0032E1C7 /* table_single_normal@2x.png */,
				DD352049176D8A3E0032E1C7 /* table_upside_normal.png */,
				DD35204A176D8A3E0032E1C7 /* table_upside_normal@2x.png */,
				DD697288176C331E006A3C37 /* setting_icon.png */,
				DD697289176C331E006A3C37 /* setting_icon@2x.png */,
				79D5276E176ADF9900E4B7D6 /* CalendarPreviousMonth.png */,
				79D5276F176ADF9900E4B7D6 /* CalendarPreviousMonth@2x.png */,
				79D52770176ADF9900E4B7D6 /* CalendarRow.png */,
				79D52771176ADF9900E4B7D6 /* CalendarRow@2x.png */,
				79D52772176ADF9900E4B7D6 /* CalendarRowBottom.png */,
				79D52773176ADF9900E4B7D6 /* CalendarRowBottom@2x.png */,
				79D52774176ADF9900E4B7D6 /* CalendarSelectedDate.png */,
				79D52775176ADF9900E4B7D6 /* CalendarSelectedDate@2x.png */,
				79D52776176ADF9900E4B7D6 /* CalendarTodaysDate.png */,
				79D52777176ADF9900E4B7D6 /* CalendarTodaysDate@2x.png */,
			);
			path = Images;
			sourceTree = "<group>";
		};
		79D52782176AE01700E4B7D6 /* Views */ = {
			isa = PBXGroup;
			children = (
				DD448A9A177586700041BB0B /* NumCell.h */,
				DD448A9B177586700041BB0B /* NumCell.m */,
				DD448A8C177582A60041BB0B /* SelectableCell.h */,
				DD448A8D177582A60041BB0B /* SelectableCell.m */,
				DD697285176C2B1A006A3C37 /* ActionButton.h */,
				DD697286176C2B1A006A3C37 /* ActionButton.m */,
				79D52783176AE04600E4B7D6 /* TSQTACalendarRowCell.h */,
				79D52784176AE04600E4B7D6 /* TSQTACalendarRowCell.m */,
				DD352039176D74DE0032E1C7 /* SettingCell.h */,
				DD35203A176D74DE0032E1C7 /* SettingCell.m */,
			);
			path = Views;
			sourceTree = "<group>";
		};
		DD697282176C22B9006A3C37 /* Fonts */ = {
			isa = PBXGroup;
			children = (
			);
			path = Fonts;
			sourceTree = "<group>";
		};
		DD697292176C4133006A3C37 /* Config */ = {
			isa = PBXGroup;
			children = (
				DD697293176C414C006A3C37 /* Config.plist */,
			);
			path = Config;
			sourceTree = "<group>";
		};
		DD697295176C45AB006A3C37 /* Utilities */ = {
			isa = PBXGroup;
			children = (
				DD35203C176D766C0032E1C7 /* UIImage+Utils.h */,
				DD35203D176D766C0032E1C7 /* UIImage+Utils.m */,
				DD697296176C45C5006A3C37 /* Utils.h */,
				DD697297176C45C5006A3C37 /* Utils.m */,
			);
			path = Utilities;
			sourceTree = "<group>";
		};
/* End PBXGroup section */

/* Begin PBXNativeTarget section */
		79D52739176AC46800E4B7D6 /* Umbrella */ = {
			isa = PBXNativeTarget;
			buildConfigurationList = 79D52757176AC46800E4B7D6 /* Build configuration list for PBXNativeTarget "Umbrella" */;
			buildPhases = (
				79D52736176AC46800E4B7D6 /* Sources */,
				79D52737176AC46800E4B7D6 /* Frameworks */,
				79D52738176AC46800E4B7D6 /* Resources */,
			);
			buildRules = (
			);
			dependencies = (
			);
			name = Umbrella;
			productName = Umbrella;
			productReference = 79D5273A176AC46800E4B7D6 /* Umbrella.app */;
			productType = "com.apple.product-type.application";
		};
/* End PBXNativeTarget section */

/* Begin PBXProject section */
		79D52732176AC46800E4B7D6 /* Project object */ = {
			isa = PBXProject;
			attributes = {
				LastUpgradeCheck = 0460;
				ORGANIZATIONNAME = Dawn;
			};
			buildConfigurationList = 79D52735176AC46800E4B7D6 /* Build configuration list for PBXProject "Umbrella" */;
			compatibilityVersion = "Xcode 3.2";
			developmentRegion = English;
			hasScannedForEncodings = 0;
			knownRegions = (
				en,
				"zh-Hans",
			);
			mainGroup = 79D52731176AC46800E4B7D6;
			productRefGroup = 79D5273B176AC46800E4B7D6 /* Products */;
			projectDirPath = "";
			projectRoot = "";
			targets = (
				79D52739176AC46800E4B7D6 /* Umbrella */,
			);
		};
/* End PBXProject section */

/* Begin PBXResourcesBuildPhase section */
		79D52738176AC46800E4B7D6 /* Resources */ = {
			isa = PBXResourcesBuildPhase;
			buildActionMask = 2147483647;
			files = (
				79D52748176AC46800E4B7D6 /* InfoPlist.strings in Resources */,
				79D52750176AC46800E4B7D6 /* Default.png in Resources */,
				79D52752176AC46800E4B7D6 /* Default@2x.png in Resources */,
				79D52754176AC46800E4B7D6 /* Default-568h@2x.png in Resources */,
				79D52778176ADF9900E4B7D6 /* CalendarPreviousMonth.png in Resources */,
				79D52779176ADF9900E4B7D6 /* CalendarPreviousMonth@2x.png in Resources */,
				79D5277A176ADF9900E4B7D6 /* CalendarRow.png in Resources */,
				79D5277B176ADF9900E4B7D6 /* CalendarRow@2x.png in Resources */,
				79D5277C176ADF9900E4B7D6 /* CalendarRowBottom.png in Resources */,
				79D5277D176ADF9900E4B7D6 /* CalendarRowBottom@2x.png in Resources */,
				79D5277E176ADF9900E4B7D6 /* CalendarSelectedDate.png in Resources */,
				79D5277F176ADF9900E4B7D6 /* CalendarSelectedDate@2x.png in Resources */,
				79D52780176ADF9900E4B7D6 /* CalendarTodaysDate.png in Resources */,
				79D52781176ADF9900E4B7D6 /* CalendarTodaysDate@2x.png in Resources */,
				DD69728A176C331E006A3C37 /* setting_icon.png in Resources */,
				DD69728B176C331E006A3C37 /* setting_icon@2x.png in Resources */,
				DD697294176C414C006A3C37 /* Config.plist in Resources */,
				DD35204B176D8A3E0032E1C7 /* table_arrow.png in Resources */,
				DD35204C176D8A3E0032E1C7 /* table_arrow@2x.png in Resources */,
				DD35204D176D8A3E0032E1C7 /* table_below_normal.png in Resources */,
				DD35204E176D8A3E0032E1C7 /* table_below_normal@2x.png in Resources */,
				DD35204F176D8A3E0032E1C7 /* table_middle_normal.png in Resources */,
				DD352050176D8A3E0032E1C7 /* table_middle_normal@2x.png in Resources */,
				DD352051176D8A3E0032E1C7 /* table_normal.png in Resources */,
				DD352052176D8A3E0032E1C7 /* table_normal@2x.png in Resources */,
				DD352053176D8A3E0032E1C7 /* table_single_normal.png in Resources */,
				DD352054176D8A3E0032E1C7 /* table_single_normal@2x.png in Resources */,
				DD352055176D8A3E0032E1C7 /* table_upside_normal.png in Resources */,
				DD352056176D8A3E0032E1C7 /* table_upside_normal@2x.png in Resources */,
				DD448A93177585970041BB0B /* checkbox_bg.png in Resources */,
				DD448A94177585970041BB0B /* checkbox_bg@2x.png in Resources */,
				DD448A95177585970041BB0B /* checkbox.png in Resources */,
				DD448A96177585970041BB0B /* checkbox@2x.png in Resources */,
			);
			runOnlyForDeploymentPostprocessing = 0;
		};
/* End PBXResourcesBuildPhase section */

/* Begin PBXSourcesBuildPhase section */
		79D52736176AC46800E4B7D6 /* Sources */ = {
			isa = PBXSourcesBuildPhase;
			buildActionMask = 2147483647;
			files = (
				79D5274A176AC46800E4B7D6 /* main.m in Sources */,
				79D5274E176AC46800E4B7D6 /* AppDelegate.m in Sources */,
				79D52765176AC5BE00E4B7D6 /* TSQCalendarCell.m in Sources */,
				79D52766176AC5BE00E4B7D6 /* TSQCalendarMonthHeaderCell.m in Sources */,
				79D52767176AC5BE00E4B7D6 /* TSQCalendarRowCell.m in Sources */,
				79D52768176AC5BE00E4B7D6 /* TSQCalendarView.m in Sources */,
				79D5276C176ADEFE00E4B7D6 /* RootViewController.m in Sources */,
				79D52785176AE04600E4B7D6 /* TSQTACalendarRowCell.m in Sources */,
				DD69727D176C1303006A3C37 /* BeginningViewController.m in Sources */,
				DD697280176C1316006A3C37 /* CalendarViewController.m in Sources */,
				DD697287176C2B1A006A3C37 /* ActionButton.m in Sources */,
				DD69728E176C343E006A3C37 /* SettingViewController.m in Sources */,
				DD697291176C385D006A3C37 /* BaseViewController.m in Sources */,
				DD697298176C45C5006A3C37 /* Utils.m in Sources */,
				DD35203B176D74DE0032E1C7 /* SettingCell.m in Sources */,
				DD35203E176D766C0032E1C7 /* UIImage+Utils.m in Sources */,
				DD35205C176D99120032E1C7 /* SettingForDisplayViewController.m in Sources */,
				DD35205F176D99500032E1C7 /* SettingForCycleViewController.m in Sources */,
				DD352062176D99940032E1C7 /* SettingForRemindViewController.m in Sources */,
				DD352065176D99BE0032E1C7 /* SettingForLockViewController.m in Sources */,
				DD352068176D99EB0032E1C7 /* SettingForDataViewController.m in Sources */,
				DD448A8B177554510041BB0B /* NumSelectorViewController.m in Sources */,
				DD448A8E177582A60041BB0B /* SelectableCell.m in Sources */,
				DD448A9C177586700041BB0B /* NumCell.m in Sources */,
			);
			runOnlyForDeploymentPostprocessing = 0;
		};
/* End PBXSourcesBuildPhase section */

/* Begin PBXVariantGroup section */
		79D52746176AC46800E4B7D6 /* InfoPlist.strings */ = {
			isa = PBXVariantGroup;
			children = (
				79D52747176AC46800E4B7D6 /* en */,
				DD352069176DF2300032E1C7 /* zh-Hans */,
			);
			name = InfoPlist.strings;
			sourceTree = "<group>";
		};
/* End PBXVariantGroup section */

/* Begin XCBuildConfiguration section */
		79D52755176AC46800E4B7D6 /* Debug */ = {
			isa = XCBuildConfiguration;
			buildSettings = {
				ALWAYS_SEARCH_USER_PATHS = NO;
				CLANG_CXX_LANGUAGE_STANDARD = "gnu++0x";
				CLANG_CXX_LIBRARY = "libc++";
				CLANG_WARN_CONSTANT_CONVERSION = YES;
				CLANG_WARN_EMPTY_BODY = YES;
				CLANG_WARN_ENUM_CONVERSION = YES;
				CLANG_WARN_INT_CONVERSION = YES;
				CLANG_WARN__DUPLICATE_METHOD_MATCH = YES;
				"CODE_SIGN_IDENTITY[sdk=iphoneos*]" = "iPhone Developer";
				COPY_PHASE_STRIP = NO;
				GCC_C_LANGUAGE_STANDARD = gnu99;
				GCC_DYNAMIC_NO_PIC = NO;
				GCC_OPTIMIZATION_LEVEL = 0;
				GCC_PREPROCESSOR_DEFINITIONS = (
					"DEBUG=1",
					"$(inherited)",
				);
				GCC_SYMBOLS_PRIVATE_EXTERN = NO;
				GCC_WARN_ABOUT_RETURN_TYPE = YES;
				GCC_WARN_UNINITIALIZED_AUTOS = YES;
				GCC_WARN_UNUSED_VARIABLE = YES;
				IPHONEOS_DEPLOYMENT_TARGET = 6.1;
				ONLY_ACTIVE_ARCH = YES;
				SDKROOT = iphoneos;
			};
			name = Debug;
		};
		79D52756176AC46800E4B7D6 /* Release */ = {
			isa = XCBuildConfiguration;
			buildSettings = {
				ALWAYS_SEARCH_USER_PATHS = NO;
				CLANG_CXX_LANGUAGE_STANDARD = "gnu++0x";
				CLANG_CXX_LIBRARY = "libc++";
				CLANG_WARN_CONSTANT_CONVERSION = YES;
				CLANG_WARN_EMPTY_BODY = YES;
				CLANG_WARN_ENUM_CONVERSION = YES;
				CLANG_WARN_INT_CONVERSION = YES;
				CLANG_WARN__DUPLICATE_METHOD_MATCH = YES;
				"CODE_SIGN_IDENTITY[sdk=iphoneos*]" = "iPhone Developer";
				COPY_PHASE_STRIP = YES;
				GCC_C_LANGUAGE_STANDARD = gnu99;
				GCC_WARN_ABOUT_RETURN_TYPE = YES;
				GCC_WARN_UNINITIALIZED_AUTOS = YES;
				GCC_WARN_UNUSED_VARIABLE = YES;
				IPHONEOS_DEPLOYMENT_TARGET = 6.1;
				OTHER_CFLAGS = "-DNS_BLOCK_ASSERTIONS=1";
				SDKROOT = iphoneos;
				VALIDATE_PRODUCT = YES;
			};
			name = Release;
		};
		79D52758176AC46800E4B7D6 /* Debug */ = {
			isa = XCBuildConfiguration;
			buildSettings = {
				GCC_PRECOMPILE_PREFIX_HEADER = YES;
				GCC_PREFIX_HEADER = "Umbrella/Umbrella-Prefix.pch";
				INFOPLIST_FILE = "Umbrella/Umbrella-Info.plist";
				PRODUCT_NAME = "$(TARGET_NAME)";
				WRAPPER_EXTENSION = app;
			};
			name = Debug;
		};
		79D52759176AC46800E4B7D6 /* Release */ = {
			isa = XCBuildConfiguration;
			buildSettings = {
				GCC_PRECOMPILE_PREFIX_HEADER = YES;
				GCC_PREFIX_HEADER = "Umbrella/Umbrella-Prefix.pch";
				INFOPLIST_FILE = "Umbrella/Umbrella-Info.plist";
				PRODUCT_NAME = "$(TARGET_NAME)";
				WRAPPER_EXTENSION = app;
			};
			name = Release;
		};
/* End XCBuildConfiguration section */

/* Begin XCConfigurationList section */
		79D52735176AC46800E4B7D6 /* Build configuration list for PBXProject "Umbrella" */ = {
			isa = XCConfigurationList;
			buildConfigurations = (
				79D52755176AC46800E4B7D6 /* Debug */,
				79D52756176AC46800E4B7D6 /* Release */,
			);
			defaultConfigurationIsVisible = 0;
			defaultConfigurationName = Debug;
		};
		79D52757176AC46800E4B7D6 /* Build configuration list for PBXNativeTarget "Umbrella" */ = {
			isa = XCConfigurationList;
			buildConfigurations = (
				79D52758176AC46800E4B7D6 /* Debug */,
				79D52759176AC46800E4B7D6 /* Release */,
			);
			defaultConfigurationIsVisible = 0;
			defaultConfigurationName = Debug;
		};
/* End XCConfigurationList section */
	};
	rootObject = 79D52732176AC46800E4B7D6 /* Project object */;
}
