// !$*UTF8*$!
{
	archiveVersion = 1;
	classes = {
	};
	objectVersion = 46;
	objects = {

/* Begin PBXBuildFile section */
		79D5273E176AC46800E4B7D6 /* UIKit.framework in Frameworks */ = {isa = PBXBuildFile; fileRef = 79D5273D176AC46800E4B7D6 /* UIKit.framework */; };
		79D52740176AC46800E4B7D6 /* Foundation.framework in Frameworks */ = {isa = PBXBuildFile; fileRef = 79D5273F176AC46800E4B7D6 /* Foundation.framework */; };
		79D52742176AC46800E4B7D6 /* CoreGraphics.framework in Frameworks */ = {isa = PBXBuildFile; fileRef = 79D52741176AC46800E4B7D6 /* CoreGraphics.framework */; };
		79D52748176AC46800E4B7D6 /* InfoPlist.strings in Resources */ = {isa = PBXBuildFile; fileRef = 79D52746176AC46800E4B7D6 /* InfoPlist.strings */; };
		79D5274A176AC46800E4B7D6 /* main.m in Sources */ = {isa = PBXBuildFile; fileRef = 79D52749176AC46800E4B7D6 /* main.m */; };
		79D5274E176AC46800E4B7D6 /* AppDelegate.m in Sources */ = {isa = PBXBuildFile; fileRef = 79D5274D176AC46800E4B7D6 /* AppDelegate.m */; };
		79D52750176AC46800E4B7D6 /* Default.png in Resources */ = {isa = PBXBuildFile; fileRef = 79D5274F176AC46800E4B7D6 /* Default.png */; };
		79D52752176AC46800E4B7D6 /* Default@2x.png in Resources */ = {isa = PBXBuildFile; fileRef = 79D52751176AC46800E4B7D6 /* Default@2x.png */; };
		79D52754176AC46800E4B7D6 /* Default-568h@2x.png in Resources */ = {isa = PBXBuildFile; fileRef = 79D52753176AC46800E4B7D6 /* Default-568h@2x.png */; };
		79D52765176AC5BE00E4B7D6 /* TSQCalendarCell.m in Sources */ = {isa = PBXBuildFile; fileRef = 79D5275E176AC5BE00E4B7D6 /* TSQCalendarCell.m */; };
		79D52766176AC5BE00E4B7D6 /* TSQCalendarMonthHeaderCell.m in Sources */ = {isa = PBXBuildFile; fileRef = 79D52760176AC5BE00E4B7D6 /* TSQCalendarMonthHeaderCell.m */; };
		79D52767176AC5BE00E4B7D6 /* TSQCalendarRowCell.m in Sources */ = {isa = PBXBuildFile; fileRef = 79D52762176AC5BE00E4B7D6 /* TSQCalendarRowCell.m */; };
		79D52768176AC5BE00E4B7D6 /* TSQCalendarView.m in Sources */ = {isa = PBXBuildFile; fileRef = 79D52764176AC5BE00E4B7D6 /* TSQCalendarView.m */; };
		79D5276C176ADEFE00E4B7D6 /* RootViewController.m in Sources */ = {isa = PBXBuildFile; fileRef = 79D5276B176ADEFE00E4B7D6 /* RootViewController.m */; };
		79D52778176ADF9900E4B7D6 /* CalendarPreviousMonth.png in Resources */ = {isa = PBXBuildFile; fileRef = 79D5276E176ADF9900E4B7D6 /* CalendarPreviousMonth.png */; };
		79D52779176ADF9900E4B7D6 /* CalendarPreviousMonth@2x.png in Resources */ = {isa = PBXBuildFile; fileRef = 79D5276F176ADF9900E4B7D6 /* CalendarPreviousMonth@2x.png */; };
		79D5277A176ADF9900E4B7D6 /* CalendarRow.png in Resources */ = {isa = PBXBuildFile; fileRef = 79D52770176ADF9900E4B7D6 /* CalendarRow.png */; };
		79D5277B176ADF9900E4B7D6 /* CalendarRow@2x.png in Resources */ = {isa = PBXBuildFile; fileRef = 79D52771176ADF9900E4B7D6 /* CalendarRow@2x.png */; };
		79D5277C176ADF9900E4B7D6 /* CalendarRowBottom.png in Resources */ = {isa = PBXBuildFile; fileRef = 79D52772176ADF9900E4B7D6 /* CalendarRowBottom.png */; };
		79D5277D176ADF9900E4B7D6 /* CalendarRowBottom@2x.png in Resources */ = {isa = PBXBuildFile; fileRef = 79D52773176ADF9900E4B7D6 /* CalendarRowBottom@2x.png */; };
		79D5277E176ADF9900E4B7D6 /* CalendarSelectedDate.png in Resources */ = {isa = PBXBuildFile; fileRef = 79D52774176ADF9900E4B7D6 /* CalendarSelectedDate.png */; };
		79D5277F176ADF9900E4B7D6 /* CalendarSelectedDate@2x.png in Resources */ = {isa = PBXBuildFile; fileRef = 79D52775176ADF9900E4B7D6 /* CalendarSelectedDate@2x.png */; };
		79D52780176ADF9900E4B7D6 /* CalendarTodaysDate.png in Resources */ = {isa = PBXBuildFile; fileRef = 79D52776176ADF9900E4B7D6 /* CalendarTodaysDate.png */; };
		79D52781176ADF9900E4B7D6 /* CalendarTodaysDate@2x.png in Resources */ = {isa = PBXBuildFile; fileRef = 79D52777176ADF9900E4B7D6 /* CalendarTodaysDate@2x.png */; };
		79D52785176AE04600E4B7D6 /* TSQTACalendarRowCell.m in Sources */ = {isa = PBXBuildFile; fileRef = 79D52784176AE04600E4B7D6 /* TSQTACalendarRowCell.m */; };
/* End PBXBuildFile section */

/* Begin PBXFileReference section */
		79D5273A176AC46800E4B7D6 /* Umbrella.app */ = {isa = PBXFileReference; explicitFileType = wrapper.application; includeInIndex = 0; path = Umbrella.app; sourceTree = BUILT_PRODUCTS_DIR; };
		79D5273D176AC46800E4B7D6 /* UIKit.framework */ = {isa = PBXFileReference; lastKnownFileType = wrapper.framework; name = UIKit.framework; path = System/Library/Frameworks/UIKit.framework; sourceTree = SDKROOT; };
		79D5273F176AC46800E4B7D6 /* Foundation.framework */ = {isa = PBXFileReference; lastKnownFileType = wrapper.framework; name = Foundation.framework; path = System/Library/Frameworks/Foundation.framework; sourceTree = SDKROOT; };
		79D52741176AC46800E4B7D6 /* CoreGraphics.framework */ = {isa = PBXFileReference; lastKnownFileType = wrapper.framework; name = CoreGraphics.framework; path = System/Library/Frameworks/CoreGraphics.framework; sourceTree = SDKROOT; };
		79D52745176AC46800E4B7D6 /* Umbrella-Info.plist */ = {isa = PBXFileReference; lastKnownFileType = text.plist.xml; path = "Umbrella-Info.plist"; sourceTree = "<group>"; };
		79D52747176AC46800E4B7D6 /* en */ = {isa = PBXFileReference; lastKnownFileType = text.plist.strings; name = en; path = en.lproj/InfoPlist.strings; sourceTree = "<group>"; };
		79D52749176AC46800E4B7D6 /* main.m */ = {isa = PBXFileReference; lastKnownFileType = sourcecode.c.objc; path = main.m; sourceTree = "<group>"; };
		79D5274B176AC46800E4B7D6 /* Umbrella-Prefix.pch */ = {isa = PBXFileReference; lastKnownFileType = sourcecode.c.h; path = "Umbrella-Prefix.pch"; sourceTree = "<group>"; };
		79D5274C176AC46800E4B7D6 /* AppDelegate.h */ = {isa = PBXFileReference; lastKnownFileType = sourcecode.c.h; path = AppDelegate.h; sourceTree = "<group>"; };
		79D5274D176AC46800E4B7D6 /* AppDelegate.m */ = {isa = PBXFileReference; lastKnownFileType = sourcecode.c.objc; path = AppDelegate.m; sourceTree = "<group>"; };
		79D5274F176AC46800E4B7D6 /* Default.png */ = {isa = PBXFileReference; lastKnownFileType = image.png; path = Default.png; sourceTree = "<group>"; };
		79D52751176AC46800E4B7D6 /* Default@2x.png */ = {isa = PBXFileReference; lastKnownFileType = image.png; path = "Default@2x.png"; sourceTree = "<group>"; };
		79D52753176AC46800E4B7D6 /* Default-568h@2x.png */ = {isa = PBXFileReference; lastKnownFileType = image.png; path = "Default-568h@2x.png"; sourceTree = "<group>"; };
		79D5275C176AC5BE00E4B7D6 /* TimesSquare.h */ = {isa = PBXFileReference; fileEncoding = 4; lastKnownFileType = sourcecode.c.h; path = TimesSquare.h; sourceTree = "<group>"; };
		79D5275D176AC5BE00E4B7D6 /* TSQCalendarCell.h */ = {isa = PBXFileReference; fileEncoding = 4; lastKnownFileType = sourcecode.c.h; path = TSQCalendarCell.h; sourceTree = "<group>"; };
		79D5275E176AC5BE00E4B7D6 /* TSQCalendarCell.m */ = {isa = PBXFileReference; fileEncoding = 4; lastKnownFileType = sourcecode.c.objc; path = TSQCalendarCell.m; sourceTree = "<group>"; };
		79D5275F176AC5BE00E4B7D6 /* TSQCalendarMonthHeaderCell.h */ = {isa = PBXFileReference; fileEncoding = 4; lastKnownFileType = sourcecode.c.h; path = TSQCalendarMonthHeaderCell.h; sourceTree = "<group>"; };
		79D52760176AC5BE00E4B7D6 /* TSQCalendarMonthHeaderCell.m */ = {isa = PBXFileReference; fileEncoding = 4; lastKnownFileType = sourcecode.c.objc; path = TSQCalendarMonthHeaderCell.m; sourceTree = "<group>"; };
		79D52761176AC5BE00E4B7D6 /* TSQCalendarRowCell.h */ = {isa = PBXFileReference; fileEncoding = 4; lastKnownFileType = sourcecode.c.h; path = TSQCalendarRowCell.h; sourceTree = "<group>"; };
		79D52762176AC5BE00E4B7D6 /* TSQCalendarRowCell.m */ = {isa = PBXFileReference; fileEncoding = 4; lastKnownFileType = sourcecode.c.objc; path = TSQCalendarRowCell.m; sourceTree = "<group>"; };
		79D52763176AC5BE00E4B7D6 /* TSQCalendarView.h */ = {isa = PBXFileReference; fileEncoding = 4; lastKnownFileType = sourcecode.c.h; path = TSQCalendarView.h; sourceTree = "<group>"; };
		79D52764176AC5BE00E4B7D6 /* TSQCalendarView.m */ = {isa = PBXFileReference; fileEncoding = 4; lastKnownFileType = sourcecode.c.objc; path = TSQCalendarView.m; sourceTree = "<group>"; };
		79D5276A176ADEFE00E4B7D6 /* RootViewController.h */ = {isa = PBXFileReference; fileEncoding = 4; lastKnownFileType = sourcecode.c.h; path = RootViewController.h; sourceTree = "<group>"; };
		79D5276B176ADEFE00E4B7D6 /* RootViewController.m */ = {isa = PBXFileReference; fileEncoding = 4; lastKnownFileType = sourcecode.c.objc; path = RootViewController.m; sourceTree = "<group>"; };
		79D5276E176ADF9900E4B7D6 /* CalendarPreviousMonth.png */ = {isa = PBXFileReference; lastKnownFileType = image.png; path = CalendarPreviousMonth.png; sourceTree = "<group>"; };
		79D5276F176ADF9900E4B7D6 /* CalendarPreviousMonth@2x.png */ = {isa = PBXFileReference; lastKnownFileType = image.png; path = "CalendarPreviousMonth@2x.png"; sourceTree = "<group>"; };
		79D52770176ADF9900E4B7D6 /* CalendarRow.png */ = {isa = PBXFileReference; lastKnownFileType = image.png; path = CalendarRow.png; sourceTree = "<group>"; };
		79D52771176ADF9900E4B7D6 /* CalendarRow@2x.png */ = {isa = PBXFileReference; lastKnownFileType = image.png; path = "CalendarRow@2x.png"; sourceTree = "<group>"; };
		79D52772176ADF9900E4B7D6 /* CalendarRowBottom.png */ = {isa = PBXFileReference; lastKnownFileType = image.png; path = CalendarRowBottom.png; sourceTree = "<group>"; };
		79D52773176ADF9900E4B7D6 /* CalendarRowBottom@2x.png */ = {isa = PBXFileReference; lastKnownFileType = image.png; path = "CalendarRowBottom@2x.png"; sourceTree = "<group>"; };
		79D52774176ADF9900E4B7D6 /* CalendarSelectedDate.png */ = {isa = PBXFileReference; lastKnownFileType = image.png; path = CalendarSelectedDate.png; sourceTree = "<group>"; };
		79D52775176ADF9900E4B7D6 /* CalendarSelectedDate@2x.png */ = {isa = PBXFileReference; lastKnownFileType = image.png; path = "CalendarSelectedDate@2x.png"; sourceTree = "<group>"; };
		79D52776176ADF9900E4B7D6 /* CalendarTodaysDate.png */ = {isa = PBXFileReference; lastKnownFileType = image.png; path = CalendarTodaysDate.png; sourceTree = "<group>"; };
		79D52777176ADF9900E4B7D6 /* CalendarTodaysDate@2x.png */ = {isa = PBXFileReference; lastKnownFileType = image.png; path = "CalendarTodaysDate@2x.png"; sourceTree = "<group>"; };
		79D52783176AE04600E4B7D6 /* TSQTACalendarRowCell.h */ = {isa = PBXFileReference; fileEncoding = 4; lastKnownFileType = sourcecode.c.h; path = TSQTACalendarRowCell.h; sourceTree = "<group>"; };
		79D52784176AE04600E4B7D6 /* TSQTACalendarRowCell.m */ = {isa = PBXFileReference; fileEncoding = 4; lastKnownFileType = sourcecode.c.objc; path = TSQTACalendarRowCell.m; sourceTree = "<group>"; };
/* End PBXFileReference section */

/* Begin PBXFrameworksBuildPhase section */
		79D52737176AC46800E4B7D6 /* Frameworks */ = {
			isa = PBXFrameworksBuildPhase;
			buildActionMask = 2147483647;
			files = (
				79D5273E176AC46800E4B7D6 /* UIKit.framework in Frameworks */,
				79D52740176AC46800E4B7D6 /* Foundation.framework in Frameworks */,
				79D52742176AC46800E4B7D6 /* CoreGraphics.framework in Frameworks */,
			);
			runOnlyForDeploymentPostprocessing = 0;
		};
/* End PBXFrameworksBuildPhase section */

/* Begin PBXGroup section */
		79D52731176AC46800E4B7D6 = {
			isa = PBXGroup;
			children = (
				79D52743176AC46800E4B7D6 /* Umbrella */,
				79D5273C176AC46800E4B7D6 /* Frameworks */,
				79D5273B176AC46800E4B7D6 /* Products */,
			);
			sourceTree = "<group>";
		};
		79D5273B176AC46800E4B7D6 /* Products */ = {
			isa = PBXGroup;
			children = (
				79D5273A176AC46800E4B7D6 /* Umbrella.app */,
			);
			name = Products;
			sourceTree = "<group>";
		};
		79D5273C176AC46800E4B7D6 /* Frameworks */ = {
			isa = PBXGroup;
			children = (
				79D5273D176AC46800E4B7D6 /* UIKit.framework */,
				79D5273F176AC46800E4B7D6 /* Foundation.framework */,
				79D52741176AC46800E4B7D6 /* CoreGraphics.framework */,
			);
			name = Frameworks;
			sourceTree = "<group>";
		};
		79D52743176AC46800E4B7D6 /* Umbrella */ = {
			isa = PBXGroup;
			children = (
				79D5275A176AC5BE00E4B7D6 /* TimesSquare */,
				79D52769176ADEE000E4B7D6 /* ViewControllers */,
				79D52782176AE01700E4B7D6 /* Views */,
				79D5274C176AC46800E4B7D6 /* AppDelegate.h */,
				79D5274D176AC46800E4B7D6 /* AppDelegate.m */,
				79D52744176AC46800E4B7D6 /* Supporting Files */,
			);
			path = Umbrella;
			sourceTree = "<group>";
		};
		79D52744176AC46800E4B7D6 /* Supporting Files */ = {
			isa = PBXGroup;
			children = (
				79D5276D176ADF8D00E4B7D6 /* Images */,
				79D52745176AC46800E4B7D6 /* Umbrella-Info.plist */,
				79D52746176AC46800E4B7D6 /* InfoPlist.strings */,
				79D52749176AC46800E4B7D6 /* main.m */,
				79D5274B176AC46800E4B7D6 /* Umbrella-Prefix.pch */,
				79D5274F176AC46800E4B7D6 /* Default.png */,
				79D52751176AC46800E4B7D6 /* Default@2x.png */,
				79D52753176AC46800E4B7D6 /* Default-568h@2x.png */,
			);
			name = "Supporting Files";
			sourceTree = "<group>";
		};
		79D5275A176AC5BE00E4B7D6 /* TimesSquare */ = {
			isa = PBXGroup;
			children = (
				79D5275C176AC5BE00E4B7D6 /* TimesSquare.h */,
				79D5275D176AC5BE00E4B7D6 /* TSQCalendarCell.h */,
				79D5275E176AC5BE00E4B7D6 /* TSQCalendarCell.m */,
				79D5275F176AC5BE00E4B7D6 /* TSQCalendarMonthHeaderCell.h */,
				79D52760176AC5BE00E4B7D6 /* TSQCalendarMonthHeaderCell.m */,
				79D52761176AC5BE00E4B7D6 /* TSQCalendarRowCell.h */,
				79D52762176AC5BE00E4B7D6 /* TSQCalendarRowCell.m */,
				79D52763176AC5BE00E4B7D6 /* TSQCalendarView.h */,
				79D52764176AC5BE00E4B7D6 /* TSQCalendarView.m */,
			);
			path = TimesSquare;
			sourceTree = "<group>";
		};
		79D52769176ADEE000E4B7D6 /* ViewControllers */ = {
			isa = PBXGroup;
			children = (
				79D5276A176ADEFE00E4B7D6 /* RootViewController.h */,
				79D5276B176ADEFE00E4B7D6 /* RootViewController.m */,
			);
			path = ViewControllers;
			sourceTree = "<group>";
		};
		79D5276D176ADF8D00E4B7D6 /* Images */ = {
			isa = PBXGroup;
			children = (
				79D5276E176ADF9900E4B7D6 /* CalendarPreviousMonth.png */,
				79D5276F176ADF9900E4B7D6 /* CalendarPreviousMonth@2x.png */,
				79D52770176ADF9900E4B7D6 /* CalendarRow.png */,
				79D52771176ADF9900E4B7D6 /* CalendarRow@2x.png */,
				79D52772176ADF9900E4B7D6 /* CalendarRowBottom.png */,
				79D52773176ADF9900E4B7D6 /* CalendarRowBottom@2x.png */,
				79D52774176ADF9900E4B7D6 /* CalendarSelectedDate.png */,
				79D52775176ADF9900E4B7D6 /* CalendarSelectedDate@2x.png */,
				79D52776176ADF9900E4B7D6 /* CalendarTodaysDate.png */,
				79D52777176ADF9900E4B7D6 /* CalendarTodaysDate@2x.png */,
			);
			path = Images;
			sourceTree = "<group>";
		};
		79D52782176AE01700E4B7D6 /* Views */ = {
			isa = PBXGroup;
			children = (
				79D52783176AE04600E4B7D6 /* TSQTACalendarRowCell.h */,
				79D52784176AE04600E4B7D6 /* TSQTACalendarRowCell.m */,
			);
			path = Views;
			sourceTree = "<group>";
		};
/* End PBXGroup section */

/* Begin PBXNativeTarget section */
		79D52739176AC46800E4B7D6 /* Umbrella */ = {
			isa = PBXNativeTarget;
			buildConfigurationList = 79D52757176AC46800E4B7D6 /* Build configuration list for PBXNativeTarget "Umbrella" */;
			buildPhases = (
				79D52736176AC46800E4B7D6 /* Sources */,
				79D52737176AC46800E4B7D6 /* Frameworks */,
				79D52738176AC46800E4B7D6 /* Resources */,
			);
			buildRules = (
			);
			dependencies = (
			);
			name = Umbrella;
			productName = Umbrella;
			productReference = 79D5273A176AC46800E4B7D6 /* Umbrella.app */;
			productType = "com.apple.product-type.application";
		};
/* End PBXNativeTarget section */

/* Begin PBXProject section */
		79D52732176AC46800E4B7D6 /* Project object */ = {
			isa = PBXProject;
			attributes = {
				LastUpgradeCheck = 0460;
				ORGANIZATIONNAME = Dawn;
			};
			buildConfigurationList = 79D52735176AC46800E4B7D6 /* Build configuration list for PBXProject "Umbrella" */;
			compatibilityVersion = "Xcode 3.2";
			developmentRegion = English;
			hasScannedForEncodings = 0;
			knownRegions = (
				en,
			);
			mainGroup = 79D52731176AC46800E4B7D6;
			productRefGroup = 79D5273B176AC46800E4B7D6 /* Products */;
			projectDirPath = "";
			projectRoot = "";
			targets = (
				79D52739176AC46800E4B7D6 /* Umbrella */,
			);
		};
/* End PBXProject section */

/* Begin PBXResourcesBuildPhase section */
		79D52738176AC46800E4B7D6 /* Resources */ = {
			isa = PBXResourcesBuildPhase;
			buildActionMask = 2147483647;
			files = (
				79D52748176AC46800E4B7D6 /* InfoPlist.strings in Resources */,
				79D52750176AC46800E4B7D6 /* Default.png in Resources */,
				79D52752176AC46800E4B7D6 /* Default@2x.png in Resources */,
				79D52754176AC46800E4B7D6 /* Default-568h@2x.png in Resources */,
				79D52778176ADF9900E4B7D6 /* CalendarPreviousMonth.png in Resources */,
				79D52779176ADF9900E4B7D6 /* CalendarPreviousMonth@2x.png in Resources */,
				79D5277A176ADF9900E4B7D6 /* CalendarRow.png in Resources */,
				79D5277B176ADF9900E4B7D6 /* CalendarRow@2x.png in Resources */,
				79D5277C176ADF9900E4B7D6 /* CalendarRowBottom.png in Resources */,
				79D5277D176ADF9900E4B7D6 /* CalendarRowBottom@2x.png in Resources */,
				79D5277E176ADF9900E4B7D6 /* CalendarSelectedDate.png in Resources */,
				79D5277F176ADF9900E4B7D6 /* CalendarSelectedDate@2x.png in Resources */,
				79D52780176ADF9900E4B7D6 /* CalendarTodaysDate.png in Resources */,
				79D52781176ADF9900E4B7D6 /* CalendarTodaysDate@2x.png in Resources */,
			);
			runOnlyForDeploymentPostprocessing = 0;
		};
/* End PBXResourcesBuildPhase section */

/* Begin PBXSourcesBuildPhase section */
		79D52736176AC46800E4B7D6 /* Sources */ = {
			isa = PBXSourcesBuildPhase;
			buildActionMask = 2147483647;
			files = (
				79D5274A176AC46800E4B7D6 /* main.m in Sources */,
				79D5274E176AC46800E4B7D6 /* AppDelegate.m in Sources */,
				79D52765176AC5BE00E4B7D6 /* TSQCalendarCell.m in Sources */,
				79D52766176AC5BE00E4B7D6 /* TSQCalendarMonthHeaderCell.m in Sources */,
				79D52767176AC5BE00E4B7D6 /* TSQCalendarRowCell.m in Sources */,
				79D52768176AC5BE00E4B7D6 /* TSQCalendarView.m in Sources */,
				79D5276C176ADEFE00E4B7D6 /* RootViewController.m in Sources */,
				79D52785176AE04600E4B7D6 /* TSQTACalendarRowCell.m in Sources */,
			);
			runOnlyForDeploymentPostprocessing = 0;
		};
/* End PBXSourcesBuildPhase section */

/* Begin PBXVariantGroup section */
		79D52746176AC46800E4B7D6 /* InfoPlist.strings */ = {
			isa = PBXVariantGroup;
			children = (
				79D52747176AC46800E4B7D6 /* en */,
			);
			name = InfoPlist.strings;
			sourceTree = "<group>";
		};
/* End PBXVariantGroup section */

/* Begin XCBuildConfiguration section */
		79D52755176AC46800E4B7D6 /* Debug */ = {
			isa = XCBuildConfiguration;
			buildSettings = {
				ALWAYS_SEARCH_USER_PATHS = NO;
				CLANG_CXX_LANGUAGE_STANDARD = "gnu++0x";
				CLANG_CXX_LIBRARY = "libc++";
				CLANG_WARN_CONSTANT_CONVERSION = YES;
				CLANG_WARN_EMPTY_BODY = YES;
				CLANG_WARN_ENUM_CONVERSION = YES;
				CLANG_WARN_INT_CONVERSION = YES;
				CLANG_WARN__DUPLICATE_METHOD_MATCH = YES;
				"CODE_SIGN_IDENTITY[sdk=iphoneos*]" = "iPhone Developer";
				COPY_PHASE_STRIP = NO;
				GCC_C_LANGUAGE_STANDARD = gnu99;
				GCC_DYNAMIC_NO_PIC = NO;
				GCC_OPTIMIZATION_LEVEL = 0;
				GCC_PREPROCESSOR_DEFINITIONS = (
					"DEBUG=1",
					"$(inherited)",
				);
				GCC_SYMBOLS_PRIVATE_EXTERN = NO;
				GCC_WARN_ABOUT_RETURN_TYPE = YES;
				GCC_WARN_UNINITIALIZED_AUTOS = YES;
				GCC_WARN_UNUSED_VARIABLE = YES;
				IPHONEOS_DEPLOYMENT_TARGET = 6.1;
				ONLY_ACTIVE_ARCH = YES;
				SDKROOT = iphoneos;
			};
			name = Debug;
		};
		79D52756176AC46800E4B7D6 /* Release */ = {
			isa = XCBuildConfiguration;
			buildSettings = {
				ALWAYS_SEARCH_USER_PATHS = NO;
				CLANG_CXX_LANGUAGE_STANDARD = "gnu++0x";
				CLANG_CXX_LIBRARY = "libc++";
				CLANG_WARN_CONSTANT_CONVERSION = YES;
				CLANG_WARN_EMPTY_BODY = YES;
				CLANG_WARN_ENUM_CONVERSION = YES;
				CLANG_WARN_INT_CONVERSION = YES;
				CLANG_WARN__DUPLICATE_METHOD_MATCH = YES;
				"CODE_SIGN_IDENTITY[sdk=iphoneos*]" = "iPhone Developer";
				COPY_PHASE_STRIP = YES;
				GCC_C_LANGUAGE_STANDARD = gnu99;
				GCC_WARN_ABOUT_RETURN_TYPE = YES;
				GCC_WARN_UNINITIALIZED_AUTOS = YES;
				GCC_WARN_UNUSED_VARIABLE = YES;
				IPHONEOS_DEPLOYMENT_TARGET = 6.1;
				OTHER_CFLAGS = "-DNS_BLOCK_ASSERTIONS=1";
				SDKROOT = iphoneos;
				VALIDATE_PRODUCT = YES;
			};
			name = Release;
		};
		79D52758176AC46800E4B7D6 /* Debug */ = {
			isa = XCBuildConfiguration;
			buildSettings = {
				GCC_PRECOMPILE_PREFIX_HEADER = YES;
				GCC_PREFIX_HEADER = "Umbrella/Umbrella-Prefix.pch";
				INFOPLIST_FILE = "Umbrella/Umbrella-Info.plist";
				PRODUCT_NAME = "$(TARGET_NAME)";
				WRAPPER_EXTENSION = app;
			};
			name = Debug;
		};
		79D52759176AC46800E4B7D6 /* Release */ = {
			isa = XCBuildConfiguration;
			buildSettings = {
				GCC_PRECOMPILE_PREFIX_HEADER = YES;
				GCC_PREFIX_HEADER = "Umbrella/Umbrella-Prefix.pch";
				INFOPLIST_FILE = "Umbrella/Umbrella-Info.plist";
				PRODUCT_NAME = "$(TARGET_NAME)";
				WRAPPER_EXTENSION = app;
			};
			name = Release;
		};
/* End XCBuildConfiguration section */

/* Begin XCConfigurationList section */
		79D52735176AC46800E4B7D6 /* Build configuration list for PBXProject "Umbrella" */ = {
			isa = XCConfigurationList;
			buildConfigurations = (
				79D52755176AC46800E4B7D6 /* Debug */,
				79D52756176AC46800E4B7D6 /* Release */,
			);
			defaultConfigurationIsVisible = 0;
			defaultConfigurationName = Release;
		};
		79D52757176AC46800E4B7D6 /* Build configuration list for PBXNativeTarget "Umbrella" */ = {
			isa = XCConfigurationList;
			buildConfigurations = (
				79D52758176AC46800E4B7D6 /* Debug */,
				79D52759176AC46800E4B7D6 /* Release */,
			);
			defaultConfigurationIsVisible = 0;
			defaultConfigurationName = Release;
		};
/* End XCConfigurationList section */
	};
	rootObject = 79D52732176AC46800E4B7D6 /* Project object */;
}
